// !$*UTF8*$!
{
	archiveVersion = 1;
	classes = {
	};
	objectVersion = 46;
	objects = {

/* Begin PBXBuildFile section */
		265193589DABD425DC36E995 /* libPods-TrainerCoachUITests.a in Frameworks */ = {isa = PBXBuildFile; fileRef = 81B12C1A46321418E3BBBE58 /* libPods-TrainerCoachUITests.a */; };
		43A4A7612ACF33F45891998A /* libPods-TrainerCoachTests.a in Frameworks */ = {isa = PBXBuildFile; fileRef = D208245F58EFC1D5C92DD6A7 /* libPods-TrainerCoachTests.a */; };
		C14B7AD2FF696D1756AFA2D6 /* Pods_TrainerCoach.framework in Frameworks */ = {isa = PBXBuildFile; fileRef = 4B887806CD016B9391D8C662 /* Pods_TrainerCoach.framework */; };
		CE102D371F11008E0009E3A4 /* GoogleService-Info.plist in Resources */ = {isa = PBXBuildFile; fileRef = CE102D361F11008E0009E3A4 /* GoogleService-Info.plist */; };
		CE102D3B1F1101840009E3A4 /* ExercisesData.swift in Sources */ = {isa = PBXBuildFile; fileRef = CE102D3A1F1101840009E3A4 /* ExercisesData.swift */; };
		CE34E62E1F1F2F59000F6DB0 /* BEMAnimationManager.m in Sources */ = {isa = PBXBuildFile; fileRef = CE34E6271F1F2F59000F6DB0 /* BEMAnimationManager.m */; };
		CE34E62F1F1F2F59000F6DB0 /* BEMCheckBox.m in Sources */ = {isa = PBXBuildFile; fileRef = CE34E6291F1F2F59000F6DB0 /* BEMCheckBox.m */; };
		CE34E6301F1F2F59000F6DB0 /* BEMCheckBoxGroup.m in Sources */ = {isa = PBXBuildFile; fileRef = CE34E62B1F1F2F59000F6DB0 /* BEMCheckBoxGroup.m */; };
		CE34E6311F1F2F59000F6DB0 /* BEMPathManager.m in Sources */ = {isa = PBXBuildFile; fileRef = CE34E62D1F1F2F59000F6DB0 /* BEMPathManager.m */; };
		CE34E6341F1F695F000F6DB0 /* Pulsing.swift in Sources */ = {isa = PBXBuildFile; fileRef = CE34E6331F1F695F000F6DB0 /* Pulsing.swift */; };
		CE34E6361F20CCA3000F6DB0 /* FillView.swift in Sources */ = {isa = PBXBuildFile; fileRef = CE34E6351F20CCA3000F6DB0 /* FillView.swift */; };
		CE34E6381F22311C000F6DB0 /* FinishVC.swift in Sources */ = {isa = PBXBuildFile; fileRef = CE34E6371F22311C000F6DB0 /* FinishVC.swift */; };
		CE3693CF1F139EBB00E76B2A /* iCarousel.m in Sources */ = {isa = PBXBuildFile; fileRef = CE3693CE1F139EBB00E76B2A /* iCarousel.m */; };
		CE3693D11F13A51400E76B2A /* DynamicTrainVC.swift in Sources */ = {isa = PBXBuildFile; fileRef = CE3693D01F13A51400E76B2A /* DynamicTrainVC.swift */; };
		CE3693D51F13BE6A00E76B2A /* DynamicTrainCell.swift in Sources */ = {isa = PBXBuildFile; fileRef = CE3693D41F13BE6A00E76B2A /* DynamicTrainCell.swift */; };
		CE7495151F10F3A400FE3C48 /* AppDelegate.swift in Sources */ = {isa = PBXBuildFile; fileRef = CE7495141F10F3A400FE3C48 /* AppDelegate.swift */; };
		CE7495171F10F3A400FE3C48 /* ViewController.swift in Sources */ = {isa = PBXBuildFile; fileRef = CE7495161F10F3A400FE3C48 /* ViewController.swift */; };
		CE74951A1F10F3A400FE3C48 /* Main.storyboard in Resources */ = {isa = PBXBuildFile; fileRef = CE7495181F10F3A400FE3C48 /* Main.storyboard */; };
		CE74951C1F10F3A400FE3C48 /* Assets.xcassets in Resources */ = {isa = PBXBuildFile; fileRef = CE74951B1F10F3A400FE3C48 /* Assets.xcassets */; };
		CE74951F1F10F3A400FE3C48 /* LaunchScreen.storyboard in Resources */ = {isa = PBXBuildFile; fileRef = CE74951D1F10F3A400FE3C48 /* LaunchScreen.storyboard */; };
		CE74952A1F10F3A400FE3C48 /* TrainerCoachTests.swift in Sources */ = {isa = PBXBuildFile; fileRef = CE7495291F10F3A400FE3C48 /* TrainerCoachTests.swift */; };
		CE7495351F10F3A400FE3C48 /* TrainerCoachUITests.swift in Sources */ = {isa = PBXBuildFile; fileRef = CE7495341F10F3A400FE3C48 /* TrainerCoachUITests.swift */; };
		CE8B35F81F11082A00EA6C41 /* TrainData.swift in Sources */ = {isa = PBXBuildFile; fileRef = CE8B35F71F11082A00EA6C41 /* TrainData.swift */; };
		CE8B35F91F110F8900EA6C41 /* iAd.framework in Frameworks */ = {isa = PBXBuildFile; fileRef = CE102D381F1100FA0009E3A4 /* iAd.framework */; };
		CE8B35FD1F1151CA00EA6C41 /* ExpandbleHeaderView.swift in Sources */ = {isa = PBXBuildFile; fileRef = CE8B35FC1F1151CA00EA6C41 /* ExpandbleHeaderView.swift */; };
		CE8B36031F1169E600EA6C41 /* ProTrainingVC.swift in Sources */ = {isa = PBXBuildFile; fileRef = CE8B36021F1169E600EA6C41 /* ProTrainingVC.swift */; };
		CEDA55821F24A7AE000A6A29 /* UIButtonX.swift in Sources */ = {isa = PBXBuildFile; fileRef = CEDA55781F24A7AE000A6A29 /* UIButtonX.swift */; };
		CEDA55831F24A7AE000A6A29 /* UIImageViewX.swift in Sources */ = {isa = PBXBuildFile; fileRef = CEDA55791F24A7AE000A6A29 /* UIImageViewX.swift */; };
		CEDA55841F24A7AE000A6A29 /* UILabelX.swift in Sources */ = {isa = PBXBuildFile; fileRef = CEDA557A1F24A7AE000A6A29 /* UILabelX.swift */; };
		CEDA55851F24A7AE000A6A29 /* UISliderX.swift in Sources */ = {isa = PBXBuildFile; fileRef = CEDA557B1F24A7AE000A6A29 /* UISliderX.swift */; };
		CEDA55861F24A7AE000A6A29 /* UITextFieldX.swift in Sources */ = {isa = PBXBuildFile; fileRef = CEDA557C1F24A7AE000A6A29 /* UITextFieldX.swift */; };
		CEDA55871F24A7AE000A6A29 /* UIViewAnchorPoint.swift in Sources */ = {isa = PBXBuildFile; fileRef = CEDA557D1F24A7AE000A6A29 /* UIViewAnchorPoint.swift */; };
		CEDA55881F24A7AE000A6A29 /* UIViewControllerX.swift in Sources */ = {isa = PBXBuildFile; fileRef = CEDA557E1F24A7AE000A6A29 /* UIViewControllerX.swift */; };
		CEDA55891F24A7AE000A6A29 /* UIViewX.swift in Sources */ = {isa = PBXBuildFile; fileRef = CEDA557F1F24A7AE000A6A29 /* UIViewX.swift */; };
		CEDA558A1F24A7AE000A6A29 /* UIViewXRadialGradient.swift in Sources */ = {isa = PBXBuildFile; fileRef = CEDA55801F24A7AE000A6A29 /* UIViewXRadialGradient.swift */; };
		CEDA558B1F24A7AE000A6A29 /* UIVisualEffectViewX.swift in Sources */ = {isa = PBXBuildFile; fileRef = CEDA55811F24A7AE000A6A29 /* UIVisualEffectViewX.swift */; };
		CEDA55951F25053B000A6A29 /* FinishCell.swift in Sources */ = {isa = PBXBuildFile; fileRef = CEDA55941F25053B000A6A29 /* FinishCell.swift */; };
/* End PBXBuildFile section */

/* Begin PBXContainerItemProxy section */
		CE7495261F10F3A400FE3C48 /* PBXContainerItemProxy */ = {
			isa = PBXContainerItemProxy;
			containerPortal = CE7495091F10F3A400FE3C48 /* Project object */;
			proxyType = 1;
			remoteGlobalIDString = CE7495101F10F3A400FE3C48;
			remoteInfo = TrainerCoach;
		};
		CE7495311F10F3A400FE3C48 /* PBXContainerItemProxy */ = {
			isa = PBXContainerItemProxy;
			containerPortal = CE7495091F10F3A400FE3C48 /* Project object */;
			proxyType = 1;
			remoteGlobalIDString = CE7495101F10F3A400FE3C48;
			remoteInfo = TrainerCoach;
		};
/* End PBXContainerItemProxy section */

/* Begin PBXFileReference section */
		07C00132DED4BFC15D77B98A /* Pods-TrainerCoachUITests.release.xcconfig */ = {isa = PBXFileReference; includeInIndex = 1; lastKnownFileType = text.xcconfig; name = "Pods-TrainerCoachUITests.release.xcconfig"; path = "Pods/Target Support Files/Pods-TrainerCoachUITests/Pods-TrainerCoachUITests.release.xcconfig"; sourceTree = "<group>"; };
		4B887806CD016B9391D8C662 /* Pods_TrainerCoach.framework */ = {isa = PBXFileReference; explicitFileType = wrapper.framework; includeInIndex = 0; path = Pods_TrainerCoach.framework; sourceTree = BUILT_PRODUCTS_DIR; };
		4BA06BC8BFAC28520AA4464D /* Pods-TrainerCoach.debug.xcconfig */ = {isa = PBXFileReference; includeInIndex = 1; lastKnownFileType = text.xcconfig; name = "Pods-TrainerCoach.debug.xcconfig"; path = "Pods/Target Support Files/Pods-TrainerCoach/Pods-TrainerCoach.debug.xcconfig"; sourceTree = "<group>"; };
		63F0A9567EA4A940C2B9B654 /* Pods-TrainerCoach.release.xcconfig */ = {isa = PBXFileReference; includeInIndex = 1; lastKnownFileType = text.xcconfig; name = "Pods-TrainerCoach.release.xcconfig"; path = "Pods/Target Support Files/Pods-TrainerCoach/Pods-TrainerCoach.release.xcconfig"; sourceTree = "<group>"; };
		7FDC61C1FF7C9F2A2E6B9156 /* Pods-TrainerCoachTests.debug.xcconfig */ = {isa = PBXFileReference; includeInIndex = 1; lastKnownFileType = text.xcconfig; name = "Pods-TrainerCoachTests.debug.xcconfig"; path = "Pods/Target Support Files/Pods-TrainerCoachTests/Pods-TrainerCoachTests.debug.xcconfig"; sourceTree = "<group>"; };
		81B12C1A46321418E3BBBE58 /* libPods-TrainerCoachUITests.a */ = {isa = PBXFileReference; explicitFileType = archive.ar; includeInIndex = 0; path = "libPods-TrainerCoachUITests.a"; sourceTree = BUILT_PRODUCTS_DIR; };
		BF4F918AAA02D61B787C2A12 /* Pods-TrainerCoachUITests.debug.xcconfig */ = {isa = PBXFileReference; includeInIndex = 1; lastKnownFileType = text.xcconfig; name = "Pods-TrainerCoachUITests.debug.xcconfig"; path = "Pods/Target Support Files/Pods-TrainerCoachUITests/Pods-TrainerCoachUITests.debug.xcconfig"; sourceTree = "<group>"; };
		C895400A0C012E1076712609 /* Pods-TrainerCoachTests.release.xcconfig */ = {isa = PBXFileReference; includeInIndex = 1; lastKnownFileType = text.xcconfig; name = "Pods-TrainerCoachTests.release.xcconfig"; path = "Pods/Target Support Files/Pods-TrainerCoachTests/Pods-TrainerCoachTests.release.xcconfig"; sourceTree = "<group>"; };
		CE102D361F11008E0009E3A4 /* GoogleService-Info.plist */ = {isa = PBXFileReference; fileEncoding = 4; lastKnownFileType = text.plist.xml; name = "GoogleService-Info.plist"; path = "../../../Downloads/GoogleService-Info.plist"; sourceTree = "<group>"; };
		CE102D381F1100FA0009E3A4 /* iAd.framework */ = {isa = PBXFileReference; lastKnownFileType = wrapper.framework; name = iAd.framework; path = System/Library/Frameworks/iAd.framework; sourceTree = SDKROOT; };
		CE102D3A1F1101840009E3A4 /* ExercisesData.swift */ = {isa = PBXFileReference; fileEncoding = 4; lastKnownFileType = sourcecode.swift; path = ExercisesData.swift; sourceTree = "<group>"; };
		CE34E6261F1F2F59000F6DB0 /* BEMAnimationManager.h */ = {isa = PBXFileReference; fileEncoding = 4; lastKnownFileType = sourcecode.c.h; path = BEMAnimationManager.h; sourceTree = "<group>"; };
		CE34E6271F1F2F59000F6DB0 /* BEMAnimationManager.m */ = {isa = PBXFileReference; fileEncoding = 4; lastKnownFileType = sourcecode.c.objc; path = BEMAnimationManager.m; sourceTree = "<group>"; };
		CE34E6281F1F2F59000F6DB0 /* BEMCheckBox.h */ = {isa = PBXFileReference; fileEncoding = 4; lastKnownFileType = sourcecode.c.h; path = BEMCheckBox.h; sourceTree = "<group>"; };
		CE34E6291F1F2F59000F6DB0 /* BEMCheckBox.m */ = {isa = PBXFileReference; fileEncoding = 4; lastKnownFileType = sourcecode.c.objc; path = BEMCheckBox.m; sourceTree = "<group>"; };
		CE34E62A1F1F2F59000F6DB0 /* BEMCheckBoxGroup.h */ = {isa = PBXFileReference; fileEncoding = 4; lastKnownFileType = sourcecode.c.h; path = BEMCheckBoxGroup.h; sourceTree = "<group>"; };
		CE34E62B1F1F2F59000F6DB0 /* BEMCheckBoxGroup.m */ = {isa = PBXFileReference; fileEncoding = 4; lastKnownFileType = sourcecode.c.objc; path = BEMCheckBoxGroup.m; sourceTree = "<group>"; };
		CE34E62C1F1F2F59000F6DB0 /* BEMPathManager.h */ = {isa = PBXFileReference; fileEncoding = 4; lastKnownFileType = sourcecode.c.h; path = BEMPathManager.h; sourceTree = "<group>"; };
		CE34E62D1F1F2F59000F6DB0 /* BEMPathManager.m */ = {isa = PBXFileReference; fileEncoding = 4; lastKnownFileType = sourcecode.c.objc; path = BEMPathManager.m; sourceTree = "<group>"; };
		CE34E6331F1F695F000F6DB0 /* Pulsing.swift */ = {isa = PBXFileReference; fileEncoding = 4; lastKnownFileType = sourcecode.swift; path = Pulsing.swift; sourceTree = "<group>"; };
		CE34E6351F20CCA3000F6DB0 /* FillView.swift */ = {isa = PBXFileReference; fileEncoding = 4; lastKnownFileType = sourcecode.swift; path = FillView.swift; sourceTree = "<group>"; };
		CE34E6371F22311C000F6DB0 /* FinishVC.swift */ = {isa = PBXFileReference; fileEncoding = 4; lastKnownFileType = sourcecode.swift; path = FinishVC.swift; sourceTree = "<group>"; };
		CE3693CC1F139EB900E76B2A /* TrainerCoach-Bridging-Header.h */ = {isa = PBXFileReference; lastKnownFileType = sourcecode.c.h; path = "TrainerCoach-Bridging-Header.h"; sourceTree = "<group>"; };
		CE3693CD1F139EBB00E76B2A /* iCarousel.h */ = {isa = PBXFileReference; fileEncoding = 4; lastKnownFileType = sourcecode.c.h; path = iCarousel.h; sourceTree = "<group>"; };
		CE3693CE1F139EBB00E76B2A /* iCarousel.m */ = {isa = PBXFileReference; fileEncoding = 4; lastKnownFileType = sourcecode.c.objc; path = iCarousel.m; sourceTree = "<group>"; };
		CE3693D01F13A51400E76B2A /* DynamicTrainVC.swift */ = {isa = PBXFileReference; fileEncoding = 4; lastKnownFileType = sourcecode.swift; path = DynamicTrainVC.swift; sourceTree = "<group>"; };
		CE3693D41F13BE6A00E76B2A /* DynamicTrainCell.swift */ = {isa = PBXFileReference; fileEncoding = 4; lastKnownFileType = sourcecode.swift; path = DynamicTrainCell.swift; sourceTree = "<group>"; };
		CE7495111F10F3A400FE3C48 /* TrainerCoach.app */ = {isa = PBXFileReference; explicitFileType = wrapper.application; includeInIndex = 0; path = TrainerCoach.app; sourceTree = BUILT_PRODUCTS_DIR; };
		CE7495141F10F3A400FE3C48 /* AppDelegate.swift */ = {isa = PBXFileReference; lastKnownFileType = sourcecode.swift; path = AppDelegate.swift; sourceTree = "<group>"; };
		CE7495161F10F3A400FE3C48 /* ViewController.swift */ = {isa = PBXFileReference; lastKnownFileType = sourcecode.swift; path = ViewController.swift; sourceTree = "<group>"; };
		CE7495191F10F3A400FE3C48 /* Base */ = {isa = PBXFileReference; lastKnownFileType = file.storyboard; name = Base; path = Base.lproj/Main.storyboard; sourceTree = "<group>"; };
		CE74951B1F10F3A400FE3C48 /* Assets.xcassets */ = {isa = PBXFileReference; lastKnownFileType = folder.assetcatalog; path = Assets.xcassets; sourceTree = "<group>"; };
		CE74951E1F10F3A400FE3C48 /* Base */ = {isa = PBXFileReference; lastKnownFileType = file.storyboard; name = Base; path = Base.lproj/LaunchScreen.storyboard; sourceTree = "<group>"; };
		CE7495201F10F3A400FE3C48 /* Info.plist */ = {isa = PBXFileReference; lastKnownFileType = text.plist.xml; path = Info.plist; sourceTree = "<group>"; };
		CE7495251F10F3A400FE3C48 /* TrainerCoachTests.xctest */ = {isa = PBXFileReference; explicitFileType = wrapper.cfbundle; includeInIndex = 0; path = TrainerCoachTests.xctest; sourceTree = BUILT_PRODUCTS_DIR; };
		CE7495291F10F3A400FE3C48 /* TrainerCoachTests.swift */ = {isa = PBXFileReference; lastKnownFileType = sourcecode.swift; path = TrainerCoachTests.swift; sourceTree = "<group>"; };
		CE74952B1F10F3A400FE3C48 /* Info.plist */ = {isa = PBXFileReference; lastKnownFileType = text.plist.xml; path = Info.plist; sourceTree = "<group>"; };
		CE7495301F10F3A400FE3C48 /* TrainerCoachUITests.xctest */ = {isa = PBXFileReference; explicitFileType = wrapper.cfbundle; includeInIndex = 0; path = TrainerCoachUITests.xctest; sourceTree = BUILT_PRODUCTS_DIR; };
		CE7495341F10F3A400FE3C48 /* TrainerCoachUITests.swift */ = {isa = PBXFileReference; lastKnownFileType = sourcecode.swift; path = TrainerCoachUITests.swift; sourceTree = "<group>"; };
		CE7495361F10F3A400FE3C48 /* Info.plist */ = {isa = PBXFileReference; lastKnownFileType = text.plist.xml; name = Info.plist; path = TrainerCoachUITests/Info.plist; sourceTree = SOURCE_ROOT; };
		CE8B35F71F11082A00EA6C41 /* TrainData.swift */ = {isa = PBXFileReference; fileEncoding = 4; lastKnownFileType = sourcecode.swift; path = TrainData.swift; sourceTree = "<group>"; };
		CE8B35FC1F1151CA00EA6C41 /* ExpandbleHeaderView.swift */ = {isa = PBXFileReference; fileEncoding = 4; lastKnownFileType = sourcecode.swift; path = ExpandbleHeaderView.swift; sourceTree = "<group>"; };
		CE8B36021F1169E600EA6C41 /* ProTrainingVC.swift */ = {isa = PBXFileReference; fileEncoding = 4; lastKnownFileType = sourcecode.swift; path = ProTrainingVC.swift; sourceTree = "<group>"; };
		CEDA55781F24A7AE000A6A29 /* UIButtonX.swift */ = {isa = PBXFileReference; fileEncoding = 4; lastKnownFileType = sourcecode.swift; path = UIButtonX.swift; sourceTree = "<group>"; };
		CEDA55791F24A7AE000A6A29 /* UIImageViewX.swift */ = {isa = PBXFileReference; fileEncoding = 4; lastKnownFileType = sourcecode.swift; path = UIImageViewX.swift; sourceTree = "<group>"; };
		CEDA557A1F24A7AE000A6A29 /* UILabelX.swift */ = {isa = PBXFileReference; fileEncoding = 4; lastKnownFileType = sourcecode.swift; path = UILabelX.swift; sourceTree = "<group>"; };
		CEDA557B1F24A7AE000A6A29 /* UISliderX.swift */ = {isa = PBXFileReference; fileEncoding = 4; lastKnownFileType = sourcecode.swift; path = UISliderX.swift; sourceTree = "<group>"; };
		CEDA557C1F24A7AE000A6A29 /* UITextFieldX.swift */ = {isa = PBXFileReference; fileEncoding = 4; lastKnownFileType = sourcecode.swift; path = UITextFieldX.swift; sourceTree = "<group>"; };
		CEDA557D1F24A7AE000A6A29 /* UIViewAnchorPoint.swift */ = {isa = PBXFileReference; fileEncoding = 4; lastKnownFileType = sourcecode.swift; path = UIViewAnchorPoint.swift; sourceTree = "<group>"; };
		CEDA557E1F24A7AE000A6A29 /* UIViewControllerX.swift */ = {isa = PBXFileReference; fileEncoding = 4; lastKnownFileType = sourcecode.swift; path = UIViewControllerX.swift; sourceTree = "<group>"; };
		CEDA557F1F24A7AE000A6A29 /* UIViewX.swift */ = {isa = PBXFileReference; fileEncoding = 4; lastKnownFileType = sourcecode.swift; path = UIViewX.swift; sourceTree = "<group>"; };
		CEDA55801F24A7AE000A6A29 /* UIViewXRadialGradient.swift */ = {isa = PBXFileReference; fileEncoding = 4; lastKnownFileType = sourcecode.swift; path = UIViewXRadialGradient.swift; sourceTree = "<group>"; };
		CEDA55811F24A7AE000A6A29 /* UIVisualEffectViewX.swift */ = {isa = PBXFileReference; fileEncoding = 4; lastKnownFileType = sourcecode.swift; path = UIVisualEffectViewX.swift; sourceTree = "<group>"; };
		CEDA55941F25053B000A6A29 /* FinishCell.swift */ = {isa = PBXFileReference; fileEncoding = 4; lastKnownFileType = sourcecode.swift; path = FinishCell.swift; sourceTree = "<group>"; };
		D208245F58EFC1D5C92DD6A7 /* libPods-TrainerCoachTests.a */ = {isa = PBXFileReference; explicitFileType = archive.ar; includeInIndex = 0; path = "libPods-TrainerCoachTests.a"; sourceTree = BUILT_PRODUCTS_DIR; };
/* End PBXFileReference section */

/* Begin PBXFrameworksBuildPhase section */
		CE74950E1F10F3A400FE3C48 /* Frameworks */ = {
			isa = PBXFrameworksBuildPhase;
			buildActionMask = 2147483647;
			files = (
				CE8B35F91F110F8900EA6C41 /* iAd.framework in Frameworks */,
				C14B7AD2FF696D1756AFA2D6 /* Pods_TrainerCoach.framework in Frameworks */,
			);
			runOnlyForDeploymentPostprocessing = 0;
		};
		CE7495221F10F3A400FE3C48 /* Frameworks */ = {
			isa = PBXFrameworksBuildPhase;
			buildActionMask = 2147483647;
			files = (
				43A4A7612ACF33F45891998A /* libPods-TrainerCoachTests.a in Frameworks */,
			);
			runOnlyForDeploymentPostprocessing = 0;
		};
		CE74952D1F10F3A400FE3C48 /* Frameworks */ = {
			isa = PBXFrameworksBuildPhase;
			buildActionMask = 2147483647;
			files = (
				265193589DABD425DC36E995 /* libPods-TrainerCoachUITests.a in Frameworks */,
			);
			runOnlyForDeploymentPostprocessing = 0;
		};
/* End PBXFrameworksBuildPhase section */

/* Begin PBXGroup section */
		ABBC44FF31806913696D0AF1 /* Pods */ = {
			isa = PBXGroup;
			children = (
				4BA06BC8BFAC28520AA4464D /* Pods-TrainerCoach.debug.xcconfig */,
				63F0A9567EA4A940C2B9B654 /* Pods-TrainerCoach.release.xcconfig */,
				7FDC61C1FF7C9F2A2E6B9156 /* Pods-TrainerCoachTests.debug.xcconfig */,
				C895400A0C012E1076712609 /* Pods-TrainerCoachTests.release.xcconfig */,
				BF4F918AAA02D61B787C2A12 /* Pods-TrainerCoachUITests.debug.xcconfig */,
				07C00132DED4BFC15D77B98A /* Pods-TrainerCoachUITests.release.xcconfig */,
			);
			name = Pods;
			sourceTree = "<group>";
		};
		CE34E6321F1F2F89000F6DB0 /* BEMCheckBox */ = {
			isa = PBXGroup;
			children = (
				CE34E6261F1F2F59000F6DB0 /* BEMAnimationManager.h */,
				CE34E6271F1F2F59000F6DB0 /* BEMAnimationManager.m */,
				CE34E6281F1F2F59000F6DB0 /* BEMCheckBox.h */,
				CE34E6291F1F2F59000F6DB0 /* BEMCheckBox.m */,
				CE34E62A1F1F2F59000F6DB0 /* BEMCheckBoxGroup.h */,
				CE34E62B1F1F2F59000F6DB0 /* BEMCheckBoxGroup.m */,
				CE34E62C1F1F2F59000F6DB0 /* BEMPathManager.h */,
				CE34E62D1F1F2F59000F6DB0 /* BEMPathManager.m */,
			);
			name = BEMCheckBox;
			sourceTree = "<group>";
		};
		CE7495081F10F3A400FE3C48 = {
			isa = PBXGroup;
			children = (
				CE7495131F10F3A400FE3C48 /* TrainerCoach */,
				CE7495331F10F3A400FE3C48 /* TrainerCoachUITests */,
				CE7495281F10F3A400FE3C48 /* TrainerCoachTests */,
				CE7495121F10F3A400FE3C48 /* Products */,
				ABBC44FF31806913696D0AF1 /* Pods */,
				CF401C7B629A0AAF0B4765BC /* Frameworks */,
			);
			sourceTree = "<group>";
		};
		CE7495121F10F3A400FE3C48 /* Products */ = {
			isa = PBXGroup;
			children = (
				CE7495111F10F3A400FE3C48 /* TrainerCoach.app */,
				CE7495251F10F3A400FE3C48 /* TrainerCoachTests.xctest */,
				CE7495301F10F3A400FE3C48 /* TrainerCoachUITests.xctest */,
			);
			name = Products;
			sourceTree = "<group>";
		};
		CE7495131F10F3A400FE3C48 /* TrainerCoach */ = {
			isa = PBXGroup;
			children = (
				CE7495141F10F3A400FE3C48 /* AppDelegate.swift */,
				CE7495161F10F3A400FE3C48 /* ViewController.swift */,
				CE8B35FC1F1151CA00EA6C41 /* ExpandbleHeaderView.swift */,
				CE8B36021F1169E600EA6C41 /* ProTrainingVC.swift */,
				CE3693D01F13A51400E76B2A /* DynamicTrainVC.swift */,
				CE34E6351F20CCA3000F6DB0 /* FillView.swift */,
				CE3693D41F13BE6A00E76B2A /* DynamicTrainCell.swift */,
				CE34E6371F22311C000F6DB0 /* FinishVC.swift */,
				CEDA55941F25053B000A6A29 /* FinishCell.swift */,
				CE7495181F10F3A400FE3C48 /* Main.storyboard */,
				CE74951B1F10F3A400FE3C48 /* Assets.xcassets */,
				CE74951D1F10F3A400FE3C48 /* LaunchScreen.storyboard */,
				CE7495201F10F3A400FE3C48 /* Info.plist */,
				CE102D361F11008E0009E3A4 /* GoogleService-Info.plist */,
				CE34E6331F1F695F000F6DB0 /* Pulsing.swift */,
				CE102D3A1F1101840009E3A4 /* ExercisesData.swift */,
				CE8B35F71F11082A00EA6C41 /* TrainData.swift */,
				CE3693CD1F139EBB00E76B2A /* iCarousel.h */,
				CE3693CE1F139EBB00E76B2A /* iCarousel.m */,
				CEDA55771F24A755000A6A29 /* DesignbleX */,
				CE34E6321F1F2F89000F6DB0 /* BEMCheckBox */,
				CE3693CC1F139EB900E76B2A /* TrainerCoach-Bridging-Header.h */,
			);
			path = TrainerCoach;
			sourceTree = "<group>";
		};
		CE7495281F10F3A400FE3C48 /* TrainerCoachTests */ = {
			isa = PBXGroup;
			children = (
				CE7495291F10F3A400FE3C48 /* TrainerCoachTests.swift */,
				CE74952B1F10F3A400FE3C48 /* Info.plist */,
			);
			path = TrainerCoachTests;
			sourceTree = "<group>";
		};
		CE7495331F10F3A400FE3C48 /* TrainerCoachUITests */ = {
			isa = PBXGroup;
			children = (
				CE7495361F10F3A400FE3C48 /* Info.plist */,
				CE7495341F10F3A400FE3C48 /* TrainerCoachUITests.swift */,
			);
			path = TrainerCoachUITests;
			sourceTree = SOURCE_ROOT;
		};
		CEDA55771F24A755000A6A29 /* DesignbleX */ = {
			isa = PBXGroup;
			children = (
				CEDA55781F24A7AE000A6A29 /* UIButtonX.swift */,
				CEDA55791F24A7AE000A6A29 /* UIImageViewX.swift */,
				CEDA557A1F24A7AE000A6A29 /* UILabelX.swift */,
				CEDA557B1F24A7AE000A6A29 /* UISliderX.swift */,
				CEDA557C1F24A7AE000A6A29 /* UITextFieldX.swift */,
				CEDA557D1F24A7AE000A6A29 /* UIViewAnchorPoint.swift */,
				CEDA557E1F24A7AE000A6A29 /* UIViewControllerX.swift */,
				CEDA557F1F24A7AE000A6A29 /* UIViewX.swift */,
				CEDA55801F24A7AE000A6A29 /* UIViewXRadialGradient.swift */,
				CEDA55811F24A7AE000A6A29 /* UIVisualEffectViewX.swift */,
			);
			name = DesignbleX;
			sourceTree = "<group>";
		};
		CF401C7B629A0AAF0B4765BC /* Frameworks */ = {
			isa = PBXGroup;
			children = (
				CE102D381F1100FA0009E3A4 /* iAd.framework */,
				4B887806CD016B9391D8C662 /* Pods_TrainerCoach.framework */,
				D208245F58EFC1D5C92DD6A7 /* libPods-TrainerCoachTests.a */,
				81B12C1A46321418E3BBBE58 /* libPods-TrainerCoachUITests.a */,
			);
			name = Frameworks;
			sourceTree = "<group>";
		};
/* End PBXGroup section */

/* Begin PBXNativeTarget section */
		CE7495101F10F3A400FE3C48 /* TrainerCoach */ = {
			isa = PBXNativeTarget;
			buildConfigurationList = CE7495391F10F3A400FE3C48 /* Build configuration list for PBXNativeTarget "TrainerCoach" */;
			buildPhases = (
				1B5F8186CF81365BA92D20F0 /* [CP] Check Pods Manifest.lock */,
				CE74950D1F10F3A400FE3C48 /* Sources */,
				CE74950E1F10F3A400FE3C48 /* Frameworks */,
				CE74950F1F10F3A400FE3C48 /* Resources */,
				56853634A843DA4B5785586B /* [CP] Embed Pods Frameworks */,
				FDF031FD9CB4AE713C9B6705 /* [CP] Copy Pods Resources */,
			);
			buildRules = (
			);
			dependencies = (
			);
			name = TrainerCoach;
			productName = TrainerCoach;
			productReference = CE7495111F10F3A400FE3C48 /* TrainerCoach.app */;
			productType = "com.apple.product-type.application";
		};
		CE7495241F10F3A400FE3C48 /* TrainerCoachTests */ = {
			isa = PBXNativeTarget;
			buildConfigurationList = CE74953C1F10F3A400FE3C48 /* Build configuration list for PBXNativeTarget "TrainerCoachTests" */;
			buildPhases = (
				CD368F2AEE663C189C6310F7 /* [CP] Check Pods Manifest.lock */,
				CE7495211F10F3A400FE3C48 /* Sources */,
				CE7495221F10F3A400FE3C48 /* Frameworks */,
				CE7495231F10F3A400FE3C48 /* Resources */,
				1951307A9497123E0D3EFE7A /* [CP] Embed Pods Frameworks */,
				28ACE7F23CA2102FBD998E4F /* [CP] Copy Pods Resources */,
			);
			buildRules = (
			);
			dependencies = (
				CE7495271F10F3A400FE3C48 /* PBXTargetDependency */,
			);
			name = TrainerCoachTests;
			productName = TrainerCoachTests;
			productReference = CE7495251F10F3A400FE3C48 /* TrainerCoachTests.xctest */;
			productType = "com.apple.product-type.bundle.unit-test";
		};
		CE74952F1F10F3A400FE3C48 /* TrainerCoachUITests */ = {
			isa = PBXNativeTarget;
			buildConfigurationList = CE74953F1F10F3A400FE3C48 /* Build configuration list for PBXNativeTarget "TrainerCoachUITests" */;
			buildPhases = (
				4287E9CCF3DE859C0900A0BE /* [CP] Check Pods Manifest.lock */,
				CE74952C1F10F3A400FE3C48 /* Sources */,
				CE74952D1F10F3A400FE3C48 /* Frameworks */,
				CE74952E1F10F3A400FE3C48 /* Resources */,
				7AF93136DF269D43115D906F /* [CP] Embed Pods Frameworks */,
				1659B9E0582512699253002E /* [CP] Copy Pods Resources */,
			);
			buildRules = (
			);
			dependencies = (
				CE7495321F10F3A400FE3C48 /* PBXTargetDependency */,
			);
			name = TrainerCoachUITests;
			productName = TrainerCoachUITests;
			productReference = CE7495301F10F3A400FE3C48 /* TrainerCoachUITests.xctest */;
			productType = "com.apple.product-type.bundle.ui-testing";
		};
/* End PBXNativeTarget section */

/* Begin PBXProject section */
		CE7495091F10F3A400FE3C48 /* Project object */ = {
			isa = PBXProject;
			attributes = {
				LastSwiftUpdateCheck = 0830;
				LastUpgradeCheck = 0830;
				ORGANIZATIONNAME = User;
				TargetAttributes = {
					CE7495101F10F3A400FE3C48 = {
						CreatedOnToolsVersion = 8.3.3;
						DevelopmentTeam = 3KN8572N9S;
						LastSwiftMigration = 0830;
						ProvisioningStyle = Automatic;
						SystemCapabilities = {
							com.apple.BackgroundModes = {
								enabled = 1;
							};
						};
					};
					CE7495241F10F3A400FE3C48 = {
						CreatedOnToolsVersion = 8.3.3;
						ProvisioningStyle = Automatic;
						TestTargetID = CE7495101F10F3A400FE3C48;
					};
					CE74952F1F10F3A400FE3C48 = {
						CreatedOnToolsVersion = 8.3.3;
						LastSwiftMigration = 0830;
						ProvisioningStyle = Automatic;
						TestTargetID = CE7495101F10F3A400FE3C48;
					};
				};
			};
			buildConfigurationList = CE74950C1F10F3A400FE3C48 /* Build configuration list for PBXProject "TrainerCoach" */;
			compatibilityVersion = "Xcode 3.2";
			developmentRegion = English;
			hasScannedForEncodings = 0;
			knownRegions = (
				en,
				Base,
			);
			mainGroup = CE7495081F10F3A400FE3C48;
			productRefGroup = CE7495121F10F3A400FE3C48 /* Products */;
			projectDirPath = "";
			projectRoot = "";
			targets = (
				CE7495101F10F3A400FE3C48 /* TrainerCoach */,
				CE7495241F10F3A400FE3C48 /* TrainerCoachTests */,
				CE74952F1F10F3A400FE3C48 /* TrainerCoachUITests */,
			);
		};
/* End PBXProject section */

/* Begin PBXResourcesBuildPhase section */
		CE74950F1F10F3A400FE3C48 /* Resources */ = {
			isa = PBXResourcesBuildPhase;
			buildActionMask = 2147483647;
			files = (
				CE74951F1F10F3A400FE3C48 /* LaunchScreen.storyboard in Resources */,
				CE102D371F11008E0009E3A4 /* GoogleService-Info.plist in Resources */,
				CE74951C1F10F3A400FE3C48 /* Assets.xcassets in Resources */,
				CE74951A1F10F3A400FE3C48 /* Main.storyboard in Resources */,
			);
			runOnlyForDeploymentPostprocessing = 0;
		};
		CE7495231F10F3A400FE3C48 /* Resources */ = {
			isa = PBXResourcesBuildPhase;
			buildActionMask = 2147483647;
			files = (
			);
			runOnlyForDeploymentPostprocessing = 0;
		};
		CE74952E1F10F3A400FE3C48 /* Resources */ = {
			isa = PBXResourcesBuildPhase;
			buildActionMask = 2147483647;
			files = (
			);
			runOnlyForDeploymentPostprocessing = 0;
		};
/* End PBXResourcesBuildPhase section */

/* Begin PBXShellScriptBuildPhase section */
		1659B9E0582512699253002E /* [CP] Copy Pods Resources */ = {
			isa = PBXShellScriptBuildPhase;
			buildActionMask = 2147483647;
			files = (
			);
			inputPaths = (
			);
			name = "[CP] Copy Pods Resources";
			outputPaths = (
			);
			runOnlyForDeploymentPostprocessing = 0;
			shellPath = /bin/sh;
			shellScript = "\"${SRCROOT}/Pods/Target Support Files/Pods-TrainerCoachUITests/Pods-TrainerCoachUITests-resources.sh\"\n";
			showEnvVarsInLog = 0;
		};
		1951307A9497123E0D3EFE7A /* [CP] Embed Pods Frameworks */ = {
			isa = PBXShellScriptBuildPhase;
			buildActionMask = 2147483647;
			files = (
			);
			inputPaths = (
			);
			name = "[CP] Embed Pods Frameworks";
			outputPaths = (
			);
			runOnlyForDeploymentPostprocessing = 0;
			shellPath = /bin/sh;
			shellScript = "\"${SRCROOT}/Pods/Target Support Files/Pods-TrainerCoachTests/Pods-TrainerCoachTests-frameworks.sh\"\n";
			showEnvVarsInLog = 0;
		};
		1B5F8186CF81365BA92D20F0 /* [CP] Check Pods Manifest.lock */ = {
			isa = PBXShellScriptBuildPhase;
			buildActionMask = 2147483647;
			files = (
			);
			inputPaths = (
			);
			name = "[CP] Check Pods Manifest.lock";
			outputPaths = (
			);
			runOnlyForDeploymentPostprocessing = 0;
			shellPath = /bin/sh;
			shellScript = "diff \"${PODS_PODFILE_DIR_PATH}/Podfile.lock\" \"${PODS_ROOT}/Manifest.lock\" > /dev/null\nif [ $? != 0 ] ; then\n    # print error to STDERR\n    echo \"error: The sandbox is not in sync with the Podfile.lock. Run 'pod install' or update your CocoaPods installation.\" >&2\n    exit 1\nfi\n";
			showEnvVarsInLog = 0;
		};
		28ACE7F23CA2102FBD998E4F /* [CP] Copy Pods Resources */ = {
			isa = PBXShellScriptBuildPhase;
			buildActionMask = 2147483647;
			files = (
			);
			inputPaths = (
			);
			name = "[CP] Copy Pods Resources";
			outputPaths = (
			);
			runOnlyForDeploymentPostprocessing = 0;
			shellPath = /bin/sh;
			shellScript = "\"${SRCROOT}/Pods/Target Support Files/Pods-TrainerCoachTests/Pods-TrainerCoachTests-resources.sh\"\n";
			showEnvVarsInLog = 0;
		};
		4287E9CCF3DE859C0900A0BE /* [CP] Check Pods Manifest.lock */ = {
			isa = PBXShellScriptBuildPhase;
			buildActionMask = 2147483647;
			files = (
			);
			inputPaths = (
			);
			name = "[CP] Check Pods Manifest.lock";
			outputPaths = (
			);
			runOnlyForDeploymentPostprocessing = 0;
			shellPath = /bin/sh;
			shellScript = "diff \"${PODS_PODFILE_DIR_PATH}/Podfile.lock\" \"${PODS_ROOT}/Manifest.lock\" > /dev/null\nif [ $? != 0 ] ; then\n    # print error to STDERR\n    echo \"error: The sandbox is not in sync with the Podfile.lock. Run 'pod install' or update your CocoaPods installation.\" >&2\n    exit 1\nfi\n";
			showEnvVarsInLog = 0;
		};
		56853634A843DA4B5785586B /* [CP] Embed Pods Frameworks */ = {
			isa = PBXShellScriptBuildPhase;
			buildActionMask = 2147483647;
			files = (
			);
			inputPaths = (
			);
			name = "[CP] Embed Pods Frameworks";
			outputPaths = (
			);
			runOnlyForDeploymentPostprocessing = 0;
			shellPath = /bin/sh;
			shellScript = "\"${SRCROOT}/Pods/Target Support Files/Pods-TrainerCoach/Pods-TrainerCoach-frameworks.sh\"\n";
			showEnvVarsInLog = 0;
		};
		7AF93136DF269D43115D906F /* [CP] Embed Pods Frameworks */ = {
			isa = PBXShellScriptBuildPhase;
			buildActionMask = 2147483647;
			files = (
			);
			inputPaths = (
			);
			name = "[CP] Embed Pods Frameworks";
			outputPaths = (
			);
			runOnlyForDeploymentPostprocessing = 0;
			shellPath = /bin/sh;
			shellScript = "\"${SRCROOT}/Pods/Target Support Files/Pods-TrainerCoachUITests/Pods-TrainerCoachUITests-frameworks.sh\"\n";
			showEnvVarsInLog = 0;
		};
		CD368F2AEE663C189C6310F7 /* [CP] Check Pods Manifest.lock */ = {
			isa = PBXShellScriptBuildPhase;
			buildActionMask = 2147483647;
			files = (
			);
			inputPaths = (
			);
			name = "[CP] Check Pods Manifest.lock";
			outputPaths = (
			);
			runOnlyForDeploymentPostprocessing = 0;
			shellPath = /bin/sh;
			shellScript = "diff \"${PODS_PODFILE_DIR_PATH}/Podfile.lock\" \"${PODS_ROOT}/Manifest.lock\" > /dev/null\nif [ $? != 0 ] ; then\n    # print error to STDERR\n    echo \"error: The sandbox is not in sync with the Podfile.lock. Run 'pod install' or update your CocoaPods installation.\" >&2\n    exit 1\nfi\n";
			showEnvVarsInLog = 0;
		};
		FDF031FD9CB4AE713C9B6705 /* [CP] Copy Pods Resources */ = {
			isa = PBXShellScriptBuildPhase;
			buildActionMask = 2147483647;
			files = (
			);
			inputPaths = (
			);
			name = "[CP] Copy Pods Resources";
			outputPaths = (
			);
			runOnlyForDeploymentPostprocessing = 0;
			shellPath = /bin/sh;
			shellScript = "\"${SRCROOT}/Pods/Target Support Files/Pods-TrainerCoach/Pods-TrainerCoach-resources.sh\"\n";
			showEnvVarsInLog = 0;
		};
/* End PBXShellScriptBuildPhase section */

/* Begin PBXSourcesBuildPhase section */
		CE74950D1F10F3A400FE3C48 /* Sources */ = {
			isa = PBXSourcesBuildPhase;
			buildActionMask = 2147483647;
			files = (
				CEDA558B1F24A7AE000A6A29 /* UIVisualEffectViewX.swift in Sources */,
				CEDA55881F24A7AE000A6A29 /* UIViewControllerX.swift in Sources */,
				CEDA55821F24A7AE000A6A29 /* UIButtonX.swift in Sources */,
				CE34E6341F1F695F000F6DB0 /* Pulsing.swift in Sources */,
				CEDA558A1F24A7AE000A6A29 /* UIViewXRadialGradient.swift in Sources */,
				CE7495171F10F3A400FE3C48 /* ViewController.swift in Sources */,
				CE34E62E1F1F2F59000F6DB0 /* BEMAnimationManager.m in Sources */,
				CE34E6381F22311C000F6DB0 /* FinishVC.swift in Sources */,
				CEDA55841F24A7AE000A6A29 /* UILabelX.swift in Sources */,
				CEDA55951F25053B000A6A29 /* FinishCell.swift in Sources */,
				CEDA55871F24A7AE000A6A29 /* UIViewAnchorPoint.swift in Sources */,
				CE34E6311F1F2F59000F6DB0 /* BEMPathManager.m in Sources */,
				CE34E6361F20CCA3000F6DB0 /* FillView.swift in Sources */,
				CE8B35FD1F1151CA00EA6C41 /* ExpandbleHeaderView.swift in Sources */,
				CE8B36031F1169E600EA6C41 /* ProTrainingVC.swift in Sources */,
				CE34E62F1F1F2F59000F6DB0 /* BEMCheckBox.m in Sources */,
				CEDA55851F24A7AE000A6A29 /* UISliderX.swift in Sources */,
				CE3693D11F13A51400E76B2A /* DynamicTrainVC.swift in Sources */,
				CE7495151F10F3A400FE3C48 /* AppDelegate.swift in Sources */,
				CE8B35F81F11082A00EA6C41 /* TrainData.swift in Sources */,
				CEDA55891F24A7AE000A6A29 /* UIViewX.swift in Sources */,
				CE3693CF1F139EBB00E76B2A /* iCarousel.m in Sources */,
				CE34E6301F1F2F59000F6DB0 /* BEMCheckBoxGroup.m in Sources */,
				CEDA55831F24A7AE000A6A29 /* UIImageViewX.swift in Sources */,
				CEDA55861F24A7AE000A6A29 /* UITextFieldX.swift in Sources */,
				CE102D3B1F1101840009E3A4 /* ExercisesData.swift in Sources */,
				CE3693D51F13BE6A00E76B2A /* DynamicTrainCell.swift in Sources */,
			);
			runOnlyForDeploymentPostprocessing = 0;
		};
		CE7495211F10F3A400FE3C48 /* Sources */ = {
			isa = PBXSourcesBuildPhase;
			buildActionMask = 2147483647;
			files = (
				CE74952A1F10F3A400FE3C48 /* TrainerCoachTests.swift in Sources */,
			);
			runOnlyForDeploymentPostprocessing = 0;
		};
		CE74952C1F10F3A400FE3C48 /* Sources */ = {
			isa = PBXSourcesBuildPhase;
			buildActionMask = 2147483647;
			files = (
				CE7495351F10F3A400FE3C48 /* TrainerCoachUITests.swift in Sources */,
			);
			runOnlyForDeploymentPostprocessing = 0;
		};
/* End PBXSourcesBuildPhase section */

/* Begin PBXTargetDependency section */
		CE7495271F10F3A400FE3C48 /* PBXTargetDependency */ = {
			isa = PBXTargetDependency;
			target = CE7495101F10F3A400FE3C48 /* TrainerCoach */;
			targetProxy = CE7495261F10F3A400FE3C48 /* PBXContainerItemProxy */;
		};
		CE7495321F10F3A400FE3C48 /* PBXTargetDependency */ = {
			isa = PBXTargetDependency;
			target = CE7495101F10F3A400FE3C48 /* TrainerCoach */;
			targetProxy = CE7495311F10F3A400FE3C48 /* PBXContainerItemProxy */;
		};
/* End PBXTargetDependency section */

/* Begin PBXVariantGroup section */
		CE7495181F10F3A400FE3C48 /* Main.storyboard */ = {
			isa = PBXVariantGroup;
			children = (
				CE7495191F10F3A400FE3C48 /* Base */,
			);
			name = Main.storyboard;
			sourceTree = "<group>";
		};
		CE74951D1F10F3A400FE3C48 /* LaunchScreen.storyboard */ = {
			isa = PBXVariantGroup;
			children = (
				CE74951E1F10F3A400FE3C48 /* Base */,
			);
			name = LaunchScreen.storyboard;
			sourceTree = "<group>";
		};
/* End PBXVariantGroup section */

/* Begin XCBuildConfiguration section */
		CE7495371F10F3A400FE3C48 /* Debug */ = {
			isa = XCBuildConfiguration;
			buildSettings = {
				ALWAYS_SEARCH_USER_PATHS = NO;
				CLANG_ANALYZER_NONNULL = YES;
				CLANG_ANALYZER_NUMBER_OBJECT_CONVERSION = YES_AGGRESSIVE;
				CLANG_CXX_LANGUAGE_STANDARD = "gnu++0x";
				CLANG_CXX_LIBRARY = "libc++";
				CLANG_ENABLE_MODULES = YES;
				CLANG_ENABLE_OBJC_ARC = YES;
				CLANG_WARN_BOOL_CONVERSION = YES;
				CLANG_WARN_CONSTANT_CONVERSION = YES;
				CLANG_WARN_DIRECT_OBJC_ISA_USAGE = YES_ERROR;
				CLANG_WARN_DOCUMENTATION_COMMENTS = YES;
				CLANG_WARN_EMPTY_BODY = YES;
				CLANG_WARN_ENUM_CONVERSION = YES;
				CLANG_WARN_INFINITE_RECURSION = YES;
				CLANG_WARN_INT_CONVERSION = YES;
				CLANG_WARN_OBJC_ROOT_CLASS = YES_ERROR;
				CLANG_WARN_SUSPICIOUS_MOVE = YES;
				CLANG_WARN_UNREACHABLE_CODE = YES;
				CLANG_WARN__DUPLICATE_METHOD_MATCH = YES;
				"CODE_SIGN_IDENTITY[sdk=iphoneos*]" = "iPhone Developer";
				COPY_PHASE_STRIP = NO;
				DEBUG_INFORMATION_FORMAT = dwarf;
				ENABLE_STRICT_OBJC_MSGSEND = YES;
				ENABLE_TESTABILITY = YES;
				GCC_C_LANGUAGE_STANDARD = gnu99;
				GCC_DYNAMIC_NO_PIC = NO;
				GCC_NO_COMMON_BLOCKS = YES;
				GCC_OPTIMIZATION_LEVEL = 0;
				GCC_PREPROCESSOR_DEFINITIONS = (
					"DEBUG=1",
					"$(inherited)",
				);
				GCC_WARN_64_TO_32_BIT_CONVERSION = YES;
				GCC_WARN_ABOUT_RETURN_TYPE = YES_ERROR;
				GCC_WARN_UNDECLARED_SELECTOR = YES;
				GCC_WARN_UNINITIALIZED_AUTOS = YES_AGGRESSIVE;
				GCC_WARN_UNUSED_FUNCTION = YES;
				GCC_WARN_UNUSED_VARIABLE = YES;
				IPHONEOS_DEPLOYMENT_TARGET = 10.3;
				MTL_ENABLE_DEBUG_INFO = YES;
				ONLY_ACTIVE_ARCH = YES;
				SDKROOT = iphoneos;
				SWIFT_ACTIVE_COMPILATION_CONDITIONS = DEBUG;
				SWIFT_OPTIMIZATION_LEVEL = "-Onone";
				TARGETED_DEVICE_FAMILY = "1,2";
			};
			name = Debug;
		};
		CE7495381F10F3A400FE3C48 /* Release */ = {
			isa = XCBuildConfiguration;
			buildSettings = {
				ALWAYS_SEARCH_USER_PATHS = NO;
				CLANG_ANALYZER_NONNULL = YES;
				CLANG_ANALYZER_NUMBER_OBJECT_CONVERSION = YES_AGGRESSIVE;
				CLANG_CXX_LANGUAGE_STANDARD = "gnu++0x";
				CLANG_CXX_LIBRARY = "libc++";
				CLANG_ENABLE_MODULES = YES;
				CLANG_ENABLE_OBJC_ARC = YES;
				CLANG_WARN_BOOL_CONVERSION = YES;
				CLANG_WARN_CONSTANT_CONVERSION = YES;
				CLANG_WARN_DIRECT_OBJC_ISA_USAGE = YES_ERROR;
				CLANG_WARN_DOCUMENTATION_COMMENTS = YES;
				CLANG_WARN_EMPTY_BODY = YES;
				CLANG_WARN_ENUM_CONVERSION = YES;
				CLANG_WARN_INFINITE_RECURSION = YES;
				CLANG_WARN_INT_CONVERSION = YES;
				CLANG_WARN_OBJC_ROOT_CLASS = YES_ERROR;
				CLANG_WARN_SUSPICIOUS_MOVE = YES;
				CLANG_WARN_UNREACHABLE_CODE = YES;
				CLANG_WARN__DUPLICATE_METHOD_MATCH = YES;
				"CODE_SIGN_IDENTITY[sdk=iphoneos*]" = "iPhone Developer";
				COPY_PHASE_STRIP = NO;
				DEBUG_INFORMATION_FORMAT = "dwarf-with-dsym";
				ENABLE_NS_ASSERTIONS = NO;
				ENABLE_STRICT_OBJC_MSGSEND = YES;
				GCC_C_LANGUAGE_STANDARD = gnu99;
				GCC_NO_COMMON_BLOCKS = YES;
				GCC_WARN_64_TO_32_BIT_CONVERSION = YES;
				GCC_WARN_ABOUT_RETURN_TYPE = YES_ERROR;
				GCC_WARN_UNDECLARED_SELECTOR = YES;
				GCC_WARN_UNINITIALIZED_AUTOS = YES_AGGRESSIVE;
				GCC_WARN_UNUSED_FUNCTION = YES;
				GCC_WARN_UNUSED_VARIABLE = YES;
				IPHONEOS_DEPLOYMENT_TARGET = 10.3;
				MTL_ENABLE_DEBUG_INFO = NO;
				SDKROOT = iphoneos;
				SWIFT_OPTIMIZATION_LEVEL = "-Owholemodule";
				TARGETED_DEVICE_FAMILY = "1,2";
				VALIDATE_PRODUCT = YES;
			};
			name = Release;
		};
		CE74953A1F10F3A400FE3C48 /* Debug */ = {
			isa = XCBuildConfiguration;
			baseConfigurationReference = 4BA06BC8BFAC28520AA4464D /* Pods-TrainerCoach.debug.xcconfig */;
			buildSettings = {
				ASSETCATALOG_COMPILER_APPICON_NAME = AppIcon;
				CLANG_ENABLE_MODULES = YES;
				DEVELOPMENT_TEAM = 3KN8572N9S;
				INFOPLIST_FILE = TrainerCoach/Info.plist;
				IPHONEOS_DEPLOYMENT_TARGET = 9.2;
				LD_RUNPATH_SEARCH_PATHS = "$(inherited) @executable_path/Frameworks";
				PRODUCT_BUNDLE_IDENTIFIER = Introvert.TrainerCoach;
				PRODUCT_NAME = "$(TARGET_NAME)";
				SWIFT_OBJC_BRIDGING_HEADER = "TrainerCoach/TrainerCoach-Bridging-Header.h";
				SWIFT_OPTIMIZATION_LEVEL = "-Onone";
				SWIFT_VERSION = 3.0;
			};
			name = Debug;
		};
		CE74953B1F10F3A400FE3C48 /* Release */ = {
			isa = XCBuildConfiguration;
			baseConfigurationReference = 63F0A9567EA4A940C2B9B654 /* Pods-TrainerCoach.release.xcconfig */;
			buildSettings = {
				ASSETCATALOG_COMPILER_APPICON_NAME = AppIcon;
				CLANG_ENABLE_MODULES = YES;
				DEVELOPMENT_TEAM = 3KN8572N9S;
				INFOPLIST_FILE = TrainerCoach/Info.plist;
				IPHONEOS_DEPLOYMENT_TARGET = 9.2;
				LD_RUNPATH_SEARCH_PATHS = "$(inherited) @executable_path/Frameworks";
				PRODUCT_BUNDLE_IDENTIFIER = Introvert.TrainerCoach;
				PRODUCT_NAME = "$(TARGET_NAME)";
				SWIFT_OBJC_BRIDGING_HEADER = "TrainerCoach/TrainerCoach-Bridging-Header.h";
				SWIFT_VERSION = 3.0;
			};
			name = Release;
		};
		CE74953D1F10F3A400FE3C48 /* Debug */ = {
			isa = XCBuildConfiguration;
			baseConfigurationReference = 7FDC61C1FF7C9F2A2E6B9156 /* Pods-TrainerCoachTests.debug.xcconfig */;
			buildSettings = {
				ALWAYS_EMBED_SWIFT_STANDARD_LIBRARIES = YES;
				BUNDLE_LOADER = "$(TEST_HOST)";
				INFOPLIST_FILE = TrainerCoachTests/Info.plist;
				LD_RUNPATH_SEARCH_PATHS = "$(inherited) @executable_path/Frameworks @loader_path/Frameworks";
				PRODUCT_BUNDLE_IDENTIFIER = Introvert.TrainerCoachTests;
				PRODUCT_NAME = "$(TARGET_NAME)";
				SWIFT_VERSION = 3.0;
				TEST_HOST = "$(BUILT_PRODUCTS_DIR)/TrainerCoach.app/TrainerCoach";
			};
			name = Debug;
		};
		CE74953E1F10F3A400FE3C48 /* Release */ = {
			isa = XCBuildConfiguration;
			baseConfigurationReference = C895400A0C012E1076712609 /* Pods-TrainerCoachTests.release.xcconfig */;
			buildSettings = {
				ALWAYS_EMBED_SWIFT_STANDARD_LIBRARIES = YES;
				BUNDLE_LOADER = "$(TEST_HOST)";
				INFOPLIST_FILE = TrainerCoachTests/Info.plist;
				LD_RUNPATH_SEARCH_PATHS = "$(inherited) @executable_path/Frameworks @loader_path/Frameworks";
				PRODUCT_BUNDLE_IDENTIFIER = Introvert.TrainerCoachTests;
				PRODUCT_NAME = "$(TARGET_NAME)";
				SWIFT_VERSION = 3.0;
				TEST_HOST = "$(BUILT_PRODUCTS_DIR)/TrainerCoach.app/TrainerCoach";
			};
			name = Release;
		};
		CE7495401F10F3A400FE3C48 /* Debug */ = {
			isa = XCBuildConfiguration;
			baseConfigurationReference = BF4F918AAA02D61B787C2A12 /* Pods-TrainerCoachUITests.debug.xcconfig */;
			buildSettings = {
				ALWAYS_EMBED_SWIFT_STANDARD_LIBRARIES = YES;
				CLANG_ENABLE_MODULES = YES;
				INFOPLIST_FILE = TrainerCoachUITests/Info.plist;
				LD_RUNPATH_SEARCH_PATHS = "$(inherited) @executable_path/Frameworks @loader_path/Frameworks";
				PRODUCT_BUNDLE_IDENTIFIER = Introvert.TrainerCoachUITests;
				PRODUCT_NAME = "$(TARGET_NAME)";
				SWIFT_OBJC_BRIDGING_HEADER = "TrainerCoachUITests/TrainerCoachUITests-Bridging-Header.h";
				SWIFT_OPTIMIZATION_LEVEL = "-Onone";
				SWIFT_VERSION = 3.0;
				TEST_TARGET_NAME = TrainerCoach;
			};
			name = Debug;
		};
		CE7495411F10F3A400FE3C48 /* Release */ = {
			isa = XCBuildConfiguration;
			baseConfigurationReference = 07C00132DED4BFC15D77B98A /* Pods-TrainerCoachUITests.release.xcconfig */;
			buildSettings = {
				ALWAYS_EMBED_SWIFT_STANDARD_LIBRARIES = YES;
				CLANG_ENABLE_MODULES = YES;
				INFOPLIST_FILE = TrainerCoachUITests/Info.plist;
				LD_RUNPATH_SEARCH_PATHS = "$(inherited) @executable_path/Frameworks @loader_path/Frameworks";
				PRODUCT_BUNDLE_IDENTIFIER = Introvert.TrainerCoachUITests;
				PRODUCT_NAME = "$(TARGET_NAME)";
				SWIFT_OBJC_BRIDGING_HEADER = "TrainerCoachUITests/TrainerCoachUITests-Bridging-Header.h";
				SWIFT_VERSION = 3.0;
				TEST_TARGET_NAME = TrainerCoach;
			};
			name = Release;
		};
/* End XCBuildConfiguration section */

/* Begin XCConfigurationList section */
		CE74950C1F10F3A400FE3C48 /* Build configuration list for PBXProject "TrainerCoach" */ = {
			isa = XCConfigurationList;
			buildConfigurations = (
				CE7495371F10F3A400FE3C48 /* Debug */,
				CE7495381F10F3A400FE3C48 /* Release */,
			);
			defaultConfigurationIsVisible = 0;
			defaultConfigurationName = Release;
		};
		CE7495391F10F3A400FE3C48 /* Build configuration list for PBXNativeTarget "TrainerCoach" */ = {
			isa = XCConfigurationList;
			buildConfigurations = (
				CE74953A1F10F3A400FE3C48 /* Debug */,
				CE74953B1F10F3A400FE3C48 /* Release */,
			);
			defaultConfigurationIsVisible = 0;
			defaultConfigurationName = Release;
		};
		CE74953C1F10F3A400FE3C48 /* Build configuration list for PBXNativeTarget "TrainerCoachTests" */ = {
			isa = XCConfigurationList;
			buildConfigurations = (
				CE74953D1F10F3A400FE3C48 /* Debug */,
				CE74953E1F10F3A400FE3C48 /* Release */,
			);
			defaultConfigurationIsVisible = 0;
			defaultConfigurationName = Release;
		};
		CE74953F1F10F3A400FE3C48 /* Build configuration list for PBXNativeTarget "TrainerCoachUITests" */ = {
			isa = XCConfigurationList;
			buildConfigurations = (
				CE7495401F10F3A400FE3C48 /* Debug */,
				CE7495411F10F3A400FE3C48 /* Release */,
			);
			defaultConfigurationIsVisible = 0;
			defaultConfigurationName = Release;
		};
/* End XCConfigurationList section */
	};
	rootObject = CE7495091F10F3A400FE3C48 /* Project object */;
}
